// !$*UTF8*$!
{
	archiveVersion = 1;
	classes = {
	};
	objectVersion = 56;
	objects = {

/* Begin PBXBuildFile section */
		995CB08A297D9A770048FA03 /* PillsViewModel.swift in Sources */ = {isa = PBXBuildFile; fileRef = 995CB089297D9A770048FA03 /* PillsViewModel.swift */; };
		995CB08C297D9AAE0048FA03 /* PillsInteractionsView.swift in Sources */ = {isa = PBXBuildFile; fileRef = 995CB08B297D9AAE0048FA03 /* PillsInteractionsView.swift */; };
		995CB08E297D9AC40048FA03 /* PillsInteractionsViewModel.swift in Sources */ = {isa = PBXBuildFile; fileRef = 995CB08D297D9AC40048FA03 /* PillsInteractionsViewModel.swift */; };
		995CB090297D9B250048FA03 /* Date+Extensions.swift in Sources */ = {isa = PBXBuildFile; fileRef = 995CB08F297D9B250048FA03 /* Date+Extensions.swift */; };
		995CB093297D9D1C0048FA03 /* FirstPageViewModel.swift in Sources */ = {isa = PBXBuildFile; fileRef = 995CB092297D9D1C0048FA03 /* FirstPageViewModel.swift */; };
		995CB095297D9FAC0048FA03 /* AnyTransition+Extensions.swift in Sources */ = {isa = PBXBuildFile; fileRef = 995CB094297D9FAC0048FA03 /* AnyTransition+Extensions.swift */; };
		995CB0A4297DA80A0048FA03 /* Medication+CoreDataClass.swift in Sources */ = {isa = PBXBuildFile; fileRef = 995CB0A2297DA80A0048FA03 /* Medication+CoreDataClass.swift */; };
		995CB0A5297DA80A0048FA03 /* Medication+CoreDataProperties.swift in Sources */ = {isa = PBXBuildFile; fileRef = 995CB0A3297DA80A0048FA03 /* Medication+CoreDataProperties.swift */; };
		995CB0AB297DAB4F0048FA03 /* OldStandardTT-Regular.ttf in Resources */ = {isa = PBXBuildFile; fileRef = 995CB0AA297DAABD0048FA03 /* OldStandardTT-Regular.ttf */; };
		995CB0AC297DAB520048FA03 /* OldStandardTT-Italic.ttf in Resources */ = {isa = PBXBuildFile; fileRef = 995CB0A9297DAAB80048FA03 /* OldStandardTT-Italic.ttf */; };
		995CB0AD297DAB540048FA03 /* OldStandardTT-Bold.ttf in Resources */ = {isa = PBXBuildFile; fileRef = 995CB0A8297DAAB20048FA03 /* OldStandardTT-Bold.ttf */; };
		99DE9A14297D764D00C9974C /* MedInteractionsApp.swift in Sources */ = {isa = PBXBuildFile; fileRef = 99DE9A13297D764D00C9974C /* MedInteractionsApp.swift */; };
		99DE9A16297D764D00C9974C /* ContentView.swift in Sources */ = {isa = PBXBuildFile; fileRef = 99DE9A15297D764D00C9974C /* ContentView.swift */; };
		99DE9A18297D764E00C9974C /* Assets.xcassets in Resources */ = {isa = PBXBuildFile; fileRef = 99DE9A17297D764E00C9974C /* Assets.xcassets */; };
		99DE9A1B297D764E00C9974C /* Preview Assets.xcassets in Resources */ = {isa = PBXBuildFile; fileRef = 99DE9A1A297D764E00C9974C /* Preview Assets.xcassets */; };
		99DE9A22297D790300C9974C /* FirstPageView.swift in Sources */ = {isa = PBXBuildFile; fileRef = 99DE9A21297D790300C9974C /* FirstPageView.swift */; };
		99DE9A24297D791300C9974C /* PillsView.swift in Sources */ = {isa = PBXBuildFile; fileRef = 99DE9A23297D791300C9974C /* PillsView.swift */; };
		99DE9A26297D792100C9974C /* PhotosView.swift in Sources */ = {isa = PBXBuildFile; fileRef = 99DE9A25297D792100C9974C /* PhotosView.swift */; };
		99DE9A28297D793300C9974C /* InteractionsView.swift in Sources */ = {isa = PBXBuildFile; fileRef = 99DE9A27297D793300C9974C /* InteractionsView.swift */; };
		99DE9A2A297D797F00C9974C /* Image+Extensions.swift in Sources */ = {isa = PBXBuildFile; fileRef = 99DE9A29297D797F00C9974C /* Image+Extensions.swift */; };
		99DE9A2C297D7D1100C9974C /* SingleMedicationView.swift in Sources */ = {isa = PBXBuildFile; fileRef = 99DE9A2B297D7D1100C9974C /* SingleMedicationView.swift */; };
		99DE9A2E297D7D3400C9974C /* TwoMedicationsView.swift in Sources */ = {isa = PBXBuildFile; fileRef = 99DE9A2D297D7D3400C9974C /* TwoMedicationsView.swift */; };
		99DE9A31297D7D7800C9974C /* InteractionsViewModel.swift in Sources */ = {isa = PBXBuildFile; fileRef = 99DE9A30297D7D7800C9974C /* InteractionsViewModel.swift */; };
		99DE9A34297D7E1100C9974C /* FindRxcuiService.swift in Sources */ = {isa = PBXBuildFile; fileRef = 99DE9A33297D7E1100C9974C /* FindRxcuiService.swift */; };
		99DE9A36297D7E3500C9974C /* NormResponse.swift in Sources */ = {isa = PBXBuildFile; fileRef = 99DE9A35297D7E3500C9974C /* NormResponse.swift */; };
		99DE9A38297D7E6700C9974C /* InteractionsService.swift in Sources */ = {isa = PBXBuildFile; fileRef = 99DE9A37297D7E6700C9974C /* InteractionsService.swift */; };
		99DE9A3A297D7E8200C9974C /* InteractionsFromListService.swift in Sources */ = {isa = PBXBuildFile; fileRef = 99DE9A39297D7E8200C9974C /* InteractionsFromListService.swift */; };
		99DE9A3C297D7EA300C9974C /* InteractionsResponse.swift in Sources */ = {isa = PBXBuildFile; fileRef = 99DE9A3B297D7EA300C9974C /* InteractionsResponse.swift */; };
		99DE9A3E297D7EBE00C9974C /* InteractionsFromListResponse.swift in Sources */ = {isa = PBXBuildFile; fileRef = 99DE9A3D297D7EBE00C9974C /* InteractionsFromListResponse.swift */; };
		99DE9A40297D7F2800C9974C /* DrugInteractionsCheckerView.swift in Sources */ = {isa = PBXBuildFile; fileRef = 99DE9A3F297D7F2800C9974C /* DrugInteractionsCheckerView.swift */; };
		99DE9A42297D7F5800C9974C /* Color+Extensions.swift in Sources */ = {isa = PBXBuildFile; fileRef = 99DE9A41297D7F5800C9974C /* Color+Extensions.swift */; };
		99DE9A44297D7F8700C9974C /* View+Keyboard.swift in Sources */ = {isa = PBXBuildFile; fileRef = 99DE9A43297D7F8700C9974C /* View+Keyboard.swift */; };
		99DE9A46297D7FAD00C9974C /* TextFieldClearButton.swift in Sources */ = {isa = PBXBuildFile; fileRef = 99DE9A45297D7FAD00C9974C /* TextFieldClearButton.swift */; };
		99DE9A49297D810800C9974C /* PhotosViewModel.swift in Sources */ = {isa = PBXBuildFile; fileRef = 99DE9A48297D810800C9974C /* PhotosViewModel.swift */; };
		99DE9A4C297D816D00C9974C /* MedInteractionsModel.xcdatamodeld in Sources */ = {isa = PBXBuildFile; fileRef = 99DE9A4A297D816D00C9974C /* MedInteractionsModel.xcdatamodeld */; };
		99DE9A4F297D81E900C9974C /* Photo+CoreDataClass.swift in Sources */ = {isa = PBXBuildFile; fileRef = 99DE9A4D297D81E900C9974C /* Photo+CoreDataClass.swift */; };
		99DE9A50297D81E900C9974C /* Photo+CoreDataProperties.swift in Sources */ = {isa = PBXBuildFile; fileRef = 99DE9A4E297D81E900C9974C /* Photo+CoreDataProperties.swift */; };
		99DE9A53297D826B00C9974C /* String+Extensions.swift in Sources */ = {isa = PBXBuildFile; fileRef = 99DE9A52297D826B00C9974C /* String+Extensions.swift */; };
		99DE9A56297D833100C9974C /* DataController.swift in Sources */ = {isa = PBXBuildFile; fileRef = 99DE9A55297D833100C9974C /* DataController.swift */; };
/* End PBXBuildFile section */

/* Begin PBXFileReference section */
		995CB089297D9A770048FA03 /* PillsViewModel.swift */ = {isa = PBXFileReference; lastKnownFileType = sourcecode.swift; path = PillsViewModel.swift; sourceTree = "<group>"; };
		995CB08B297D9AAE0048FA03 /* PillsInteractionsView.swift */ = {isa = PBXFileReference; lastKnownFileType = sourcecode.swift; path = PillsInteractionsView.swift; sourceTree = "<group>"; };
		995CB08D297D9AC40048FA03 /* PillsInteractionsViewModel.swift */ = {isa = PBXFileReference; lastKnownFileType = sourcecode.swift; path = PillsInteractionsViewModel.swift; sourceTree = "<group>"; };
		995CB08F297D9B250048FA03 /* Date+Extensions.swift */ = {isa = PBXFileReference; lastKnownFileType = sourcecode.swift; path = "Date+Extensions.swift"; sourceTree = "<group>"; };
		995CB092297D9D1C0048FA03 /* FirstPageViewModel.swift */ = {isa = PBXFileReference; lastKnownFileType = sourcecode.swift; path = FirstPageViewModel.swift; sourceTree = "<group>"; };
		995CB094297D9FAC0048FA03 /* AnyTransition+Extensions.swift */ = {isa = PBXFileReference; lastKnownFileType = sourcecode.swift; path = "AnyTransition+Extensions.swift"; sourceTree = "<group>"; };
		995CB0A2297DA80A0048FA03 /* Medication+CoreDataClass.swift */ = {isa = PBXFileReference; lastKnownFileType = sourcecode.swift; path = "Medication+CoreDataClass.swift"; sourceTree = "<group>"; };
		995CB0A3297DA80A0048FA03 /* Medication+CoreDataProperties.swift */ = {isa = PBXFileReference; lastKnownFileType = sourcecode.swift; path = "Medication+CoreDataProperties.swift"; sourceTree = "<group>"; };
		995CB0A6297DAA420048FA03 /* Info.plist */ = {isa = PBXFileReference; lastKnownFileType = text.plist; path = Info.plist; sourceTree = "<group>"; };
		995CB0A8297DAAB20048FA03 /* OldStandardTT-Bold.ttf */ = {isa = PBXFileReference; lastKnownFileType = file; path = "OldStandardTT-Bold.ttf"; sourceTree = "<group>"; };
		995CB0A9297DAAB80048FA03 /* OldStandardTT-Italic.ttf */ = {isa = PBXFileReference; lastKnownFileType = file; path = "OldStandardTT-Italic.ttf"; sourceTree = "<group>"; };
		995CB0AA297DAABD0048FA03 /* OldStandardTT-Regular.ttf */ = {isa = PBXFileReference; lastKnownFileType = file; path = "OldStandardTT-Regular.ttf"; sourceTree = "<group>"; };
		99DE9A10297D764D00C9974C /* MedInteractions.app */ = {isa = PBXFileReference; explicitFileType = wrapper.application; includeInIndex = 0; path = MedInteractions.app; sourceTree = BUILT_PRODUCTS_DIR; };
		99DE9A13297D764D00C9974C /* MedInteractionsApp.swift */ = {isa = PBXFileReference; lastKnownFileType = sourcecode.swift; path = MedInteractionsApp.swift; sourceTree = "<group>"; };
		99DE9A15297D764D00C9974C /* ContentView.swift */ = {isa = PBXFileReference; lastKnownFileType = sourcecode.swift; path = ContentView.swift; sourceTree = "<group>"; };
		99DE9A17297D764E00C9974C /* Assets.xcassets */ = {isa = PBXFileReference; lastKnownFileType = folder.assetcatalog; path = Assets.xcassets; sourceTree = "<group>"; };
		99DE9A1A297D764E00C9974C /* Preview Assets.xcassets */ = {isa = PBXFileReference; lastKnownFileType = folder.assetcatalog; path = "Preview Assets.xcassets"; sourceTree = "<group>"; };
		99DE9A21297D790300C9974C /* FirstPageView.swift */ = {isa = PBXFileReference; lastKnownFileType = sourcecode.swift; path = FirstPageView.swift; sourceTree = "<group>"; };
		99DE9A23297D791300C9974C /* PillsView.swift */ = {isa = PBXFileReference; lastKnownFileType = sourcecode.swift; path = PillsView.swift; sourceTree = "<group>"; };
		99DE9A25297D792100C9974C /* PhotosView.swift */ = {isa = PBXFileReference; lastKnownFileType = sourcecode.swift; path = PhotosView.swift; sourceTree = "<group>"; };
		99DE9A27297D793300C9974C /* InteractionsView.swift */ = {isa = PBXFileReference; lastKnownFileType = sourcecode.swift; path = InteractionsView.swift; sourceTree = "<group>"; };
		99DE9A29297D797F00C9974C /* Image+Extensions.swift */ = {isa = PBXFileReference; lastKnownFileType = sourcecode.swift; path = "Image+Extensions.swift"; sourceTree = "<group>"; };
		99DE9A2B297D7D1100C9974C /* SingleMedicationView.swift */ = {isa = PBXFileReference; lastKnownFileType = sourcecode.swift; path = SingleMedicationView.swift; sourceTree = "<group>"; };
		99DE9A2D297D7D3400C9974C /* TwoMedicationsView.swift */ = {isa = PBXFileReference; lastKnownFileType = sourcecode.swift; path = TwoMedicationsView.swift; sourceTree = "<group>"; };
		99DE9A30297D7D7800C9974C /* InteractionsViewModel.swift */ = {isa = PBXFileReference; lastKnownFileType = sourcecode.swift; path = InteractionsViewModel.swift; sourceTree = "<group>"; };
		99DE9A33297D7E1100C9974C /* FindRxcuiService.swift */ = {isa = PBXFileReference; lastKnownFileType = sourcecode.swift; path = FindRxcuiService.swift; sourceTree = "<group>"; };
		99DE9A35297D7E3500C9974C /* NormResponse.swift */ = {isa = PBXFileReference; lastKnownFileType = sourcecode.swift; path = NormResponse.swift; sourceTree = "<group>"; };
		99DE9A37297D7E6700C9974C /* InteractionsService.swift */ = {isa = PBXFileReference; lastKnownFileType = sourcecode.swift; path = InteractionsService.swift; sourceTree = "<group>"; };
		99DE9A39297D7E8200C9974C /* InteractionsFromListService.swift */ = {isa = PBXFileReference; lastKnownFileType = sourcecode.swift; path = InteractionsFromListService.swift; sourceTree = "<group>"; };
		99DE9A3B297D7EA300C9974C /* InteractionsResponse.swift */ = {isa = PBXFileReference; lastKnownFileType = sourcecode.swift; path = InteractionsResponse.swift; sourceTree = "<group>"; };
		99DE9A3D297D7EBE00C9974C /* InteractionsFromListResponse.swift */ = {isa = PBXFileReference; lastKnownFileType = sourcecode.swift; path = InteractionsFromListResponse.swift; sourceTree = "<group>"; };
		99DE9A3F297D7F2800C9974C /* DrugInteractionsCheckerView.swift */ = {isa = PBXFileReference; lastKnownFileType = sourcecode.swift; path = DrugInteractionsCheckerView.swift; sourceTree = "<group>"; };
		99DE9A41297D7F5800C9974C /* Color+Extensions.swift */ = {isa = PBXFileReference; lastKnownFileType = sourcecode.swift; path = "Color+Extensions.swift"; sourceTree = "<group>"; };
		99DE9A43297D7F8700C9974C /* View+Keyboard.swift */ = {isa = PBXFileReference; lastKnownFileType = sourcecode.swift; path = "View+Keyboard.swift"; sourceTree = "<group>"; };
		99DE9A45297D7FAD00C9974C /* TextFieldClearButton.swift */ = {isa = PBXFileReference; lastKnownFileType = sourcecode.swift; path = TextFieldClearButton.swift; sourceTree = "<group>"; };
		99DE9A48297D810800C9974C /* PhotosViewModel.swift */ = {isa = PBXFileReference; lastKnownFileType = sourcecode.swift; path = PhotosViewModel.swift; sourceTree = "<group>"; };
		99DE9A4B297D816D00C9974C /* MedInteractionsModel.xcdatamodel */ = {isa = PBXFileReference; lastKnownFileType = wrapper.xcdatamodel; path = MedInteractionsModel.xcdatamodel; sourceTree = "<group>"; };
		99DE9A4D297D81E900C9974C /* Photo+CoreDataClass.swift */ = {isa = PBXFileReference; lastKnownFileType = sourcecode.swift; path = "Photo+CoreDataClass.swift"; sourceTree = "<group>"; };
		99DE9A4E297D81E900C9974C /* Photo+CoreDataProperties.swift */ = {isa = PBXFileReference; lastKnownFileType = sourcecode.swift; path = "Photo+CoreDataProperties.swift"; sourceTree = "<group>"; };
		99DE9A52297D826B00C9974C /* String+Extensions.swift */ = {isa = PBXFileReference; lastKnownFileType = sourcecode.swift; path = "String+Extensions.swift"; sourceTree = "<group>"; };
		99DE9A55297D833100C9974C /* DataController.swift */ = {isa = PBXFileReference; lastKnownFileType = sourcecode.swift; path = DataController.swift; sourceTree = "<group>"; };
/* End PBXFileReference section */

/* Begin PBXFrameworksBuildPhase section */
		99DE9A0D297D764D00C9974C /* Frameworks */ = {
			isa = PBXFrameworksBuildPhase;
			buildActionMask = 2147483647;
			files = (
			);
			runOnlyForDeploymentPostprocessing = 0;
		};
/* End PBXFrameworksBuildPhase section */

/* Begin PBXGroup section */
		995CB088297D9A6A0048FA03 /* Pills */ = {
			isa = PBXGroup;
			children = (
				99DE9A23297D791300C9974C /* PillsView.swift */,
				995CB089297D9A770048FA03 /* PillsViewModel.swift */,
				995CB08B297D9AAE0048FA03 /* PillsInteractionsView.swift */,
				995CB08D297D9AC40048FA03 /* PillsInteractionsViewModel.swift */,
			);
			path = Pills;
			sourceTree = "<group>";
		};
		995CB091297D9D0D0048FA03 /* FirstPage */ = {
			isa = PBXGroup;
			children = (
				99DE9A21297D790300C9974C /* FirstPageView.swift */,
				995CB092297D9D1C0048FA03 /* FirstPageViewModel.swift */,
			);
			path = FirstPage;
			sourceTree = "<group>";
		};
		995CB0A7297DAAA30048FA03 /* Fonts */ = {
			isa = PBXGroup;
			children = (
				995CB0AA297DAABD0048FA03 /* OldStandardTT-Regular.ttf */,
				995CB0A9297DAAB80048FA03 /* OldStandardTT-Italic.ttf */,
				995CB0A8297DAAB20048FA03 /* OldStandardTT-Bold.ttf */,
			);
			path = Fonts;
			sourceTree = "<group>";
		};
		99DE9A07297D764D00C9974C = {
			isa = PBXGroup;
			children = (
				995CB0A2297DA80A0048FA03 /* Medication+CoreDataClass.swift */,
				995CB0A3297DA80A0048FA03 /* Medication+CoreDataProperties.swift */,
				99DE9A4D297D81E900C9974C /* Photo+CoreDataClass.swift */,
				99DE9A4E297D81E900C9974C /* Photo+CoreDataProperties.swift */,
				99DE9A4A297D816D00C9974C /* MedInteractionsModel.xcdatamodeld */,
				99DE9A12297D764D00C9974C /* MedInteractions */,
				99DE9A11297D764D00C9974C /* Products */,
			);
			sourceTree = "<group>";
		};
		99DE9A11297D764D00C9974C /* Products */ = {
			isa = PBXGroup;
			children = (
				99DE9A10297D764D00C9974C /* MedInteractions.app */,
			);
			name = Products;
			sourceTree = "<group>";
		};
		99DE9A12297D764D00C9974C /* MedInteractions */ = {
			isa = PBXGroup;
			children = (
				995CB0A7297DAAA30048FA03 /* Fonts */,
				995CB0A6297DAA420048FA03 /* Info.plist */,
				995CB091297D9D0D0048FA03 /* FirstPage */,
				995CB088297D9A6A0048FA03 /* Pills */,
				99DE9A54297D832600C9974C /* Data */,
				99DE9A51297D824D00C9974C /* Extensions */,
				99DE9A47297D80F700C9974C /* Photos */,
				99DE9A32297D7DF300C9974C /* Networking */,
				99DE9A2F297D7D4700C9974C /* Interactions */,
				99DE9A13297D764D00C9974C /* MedInteractionsApp.swift */,
				99DE9A15297D764D00C9974C /* ContentView.swift */,
				99DE9A17297D764E00C9974C /* Assets.xcassets */,
				99DE9A19297D764E00C9974C /* Preview Content */,
				99DE9A45297D7FAD00C9974C /* TextFieldClearButton.swift */,
			);
			path = MedInteractions;
			sourceTree = "<group>";
		};
		99DE9A19297D764E00C9974C /* Preview Content */ = {
			isa = PBXGroup;
			children = (
				99DE9A1A297D764E00C9974C /* Preview Assets.xcassets */,
			);
			path = "Preview Content";
			sourceTree = "<group>";
		};
		99DE9A2F297D7D4700C9974C /* Interactions */ = {
			isa = PBXGroup;
			children = (
				99DE9A2D297D7D3400C9974C /* TwoMedicationsView.swift */,
				99DE9A2B297D7D1100C9974C /* SingleMedicationView.swift */,
				99DE9A27297D793300C9974C /* InteractionsView.swift */,
				99DE9A30297D7D7800C9974C /* InteractionsViewModel.swift */,
				99DE9A3F297D7F2800C9974C /* DrugInteractionsCheckerView.swift */,
			);
			path = Interactions;
			sourceTree = "<group>";
		};
		99DE9A32297D7DF300C9974C /* Networking */ = {
			isa = PBXGroup;
			children = (
				99DE9A33297D7E1100C9974C /* FindRxcuiService.swift */,
				99DE9A35297D7E3500C9974C /* NormResponse.swift */,
				99DE9A37297D7E6700C9974C /* InteractionsService.swift */,
				99DE9A39297D7E8200C9974C /* InteractionsFromListService.swift */,
				99DE9A3B297D7EA300C9974C /* InteractionsResponse.swift */,
				99DE9A3D297D7EBE00C9974C /* InteractionsFromListResponse.swift */,
			);
			path = Networking;
			sourceTree = "<group>";
		};
		99DE9A47297D80F700C9974C /* Photos */ = {
			isa = PBXGroup;
			children = (
				99DE9A25297D792100C9974C /* PhotosView.swift */,
				99DE9A48297D810800C9974C /* PhotosViewModel.swift */,
			);
			path = Photos;
			sourceTree = "<group>";
		};
		99DE9A51297D824D00C9974C /* Extensions */ = {
			isa = PBXGroup;
			children = (
				99DE9A29297D797F00C9974C /* Image+Extensions.swift */,
				99DE9A41297D7F5800C9974C /* Color+Extensions.swift */,
				99DE9A43297D7F8700C9974C /* View+Keyboard.swift */,
				99DE9A52297D826B00C9974C /* String+Extensions.swift */,
				995CB08F297D9B250048FA03 /* Date+Extensions.swift */,
				995CB094297D9FAC0048FA03 /* AnyTransition+Extensions.swift */,
			);
			path = Extensions;
			sourceTree = "<group>";
		};
		99DE9A54297D832600C9974C /* Data */ = {
			isa = PBXGroup;
			children = (
				99DE9A55297D833100C9974C /* DataController.swift */,
			);
			path = Data;
			sourceTree = "<group>";
		};
/* End PBXGroup section */

/* Begin PBXNativeTarget section */
		99DE9A0F297D764D00C9974C /* MedInteractions */ = {
			isa = PBXNativeTarget;
			buildConfigurationList = 99DE9A1E297D764E00C9974C /* Build configuration list for PBXNativeTarget "MedInteractions" */;
			buildPhases = (
				99DE9A0C297D764D00C9974C /* Sources */,
				99DE9A0D297D764D00C9974C /* Frameworks */,
				99DE9A0E297D764D00C9974C /* Resources */,
			);
			buildRules = (
			);
			dependencies = (
			);
			name = MedInteractions;
			productName = MedInteractions;
			productReference = 99DE9A10297D764D00C9974C /* MedInteractions.app */;
			productType = "com.apple.product-type.application";
		};
/* End PBXNativeTarget section */

/* Begin PBXProject section */
		99DE9A08297D764D00C9974C /* Project object */ = {
			isa = PBXProject;
			attributes = {
				BuildIndependentTargetsInParallel = 1;
				LastSwiftUpdateCheck = 1410;
				LastUpgradeCheck = 1410;
				TargetAttributes = {
					99DE9A0F297D764D00C9974C = {
						CreatedOnToolsVersion = 14.1;
					};
				};
			};
			buildConfigurationList = 99DE9A0B297D764D00C9974C /* Build configuration list for PBXProject "MedInteractions" */;
			compatibilityVersion = "Xcode 14.0";
			developmentRegion = en;
			hasScannedForEncodings = 0;
			knownRegions = (
				en,
				Base,
			);
			mainGroup = 99DE9A07297D764D00C9974C;
			productRefGroup = 99DE9A11297D764D00C9974C /* Products */;
			projectDirPath = "";
			projectRoot = "";
			targets = (
				99DE9A0F297D764D00C9974C /* MedInteractions */,
			);
		};
/* End PBXProject section */

/* Begin PBXResourcesBuildPhase section */
		99DE9A0E297D764D00C9974C /* Resources */ = {
			isa = PBXResourcesBuildPhase;
			buildActionMask = 2147483647;
			files = (
				995CB0AD297DAB540048FA03 /* OldStandardTT-Bold.ttf in Resources */,
				99DE9A1B297D764E00C9974C /* Preview Assets.xcassets in Resources */,
				995CB0AB297DAB4F0048FA03 /* OldStandardTT-Regular.ttf in Resources */,
				99DE9A18297D764E00C9974C /* Assets.xcassets in Resources */,
				995CB0AC297DAB520048FA03 /* OldStandardTT-Italic.ttf in Resources */,
			);
			runOnlyForDeploymentPostprocessing = 0;
		};
/* End PBXResourcesBuildPhase section */

/* Begin PBXSourcesBuildPhase section */
		99DE9A0C297D764D00C9974C /* Sources */ = {
			isa = PBXSourcesBuildPhase;
			buildActionMask = 2147483647;
			files = (
				99DE9A49297D810800C9974C /* PhotosViewModel.swift in Sources */,
				99DE9A36297D7E3500C9974C /* NormResponse.swift in Sources */,
				99DE9A16297D764D00C9974C /* ContentView.swift in Sources */,
				995CB095297D9FAC0048FA03 /* AnyTransition+Extensions.swift in Sources */,
				99DE9A24297D791300C9974C /* PillsView.swift in Sources */,
				99DE9A40297D7F2800C9974C /* DrugInteractionsCheckerView.swift in Sources */,
				99DE9A26297D792100C9974C /* PhotosView.swift in Sources */,
				99DE9A50297D81E900C9974C /* Photo+CoreDataProperties.swift in Sources */,
				99DE9A4F297D81E900C9974C /* Photo+CoreDataClass.swift in Sources */,
				995CB08C297D9AAE0048FA03 /* PillsInteractionsView.swift in Sources */,
				99DE9A2E297D7D3400C9974C /* TwoMedicationsView.swift in Sources */,
				995CB08E297D9AC40048FA03 /* PillsInteractionsViewModel.swift in Sources */,
				99DE9A44297D7F8700C9974C /* View+Keyboard.swift in Sources */,
				99DE9A3C297D7EA300C9974C /* InteractionsResponse.swift in Sources */,
				99DE9A56297D833100C9974C /* DataController.swift in Sources */,
				995CB0A4297DA80A0048FA03 /* Medication+CoreDataClass.swift in Sources */,
				99DE9A2A297D797F00C9974C /* Image+Extensions.swift in Sources */,
				99DE9A28297D793300C9974C /* InteractionsView.swift in Sources */,
				995CB0A5297DA80A0048FA03 /* Medication+CoreDataProperties.swift in Sources */,
				995CB093297D9D1C0048FA03 /* FirstPageViewModel.swift in Sources */,
				99DE9A34297D7E1100C9974C /* FindRxcuiService.swift in Sources */,
				99DE9A22297D790300C9974C /* FirstPageView.swift in Sources */,
				99DE9A53297D826B00C9974C /* String+Extensions.swift in Sources */,
				99DE9A42297D7F5800C9974C /* Color+Extensions.swift in Sources */,
				99DE9A38297D7E6700C9974C /* InteractionsService.swift in Sources */,
				99DE9A3E297D7EBE00C9974C /* InteractionsFromListResponse.swift in Sources */,
				995CB090297D9B250048FA03 /* Date+Extensions.swift in Sources */,
				99DE9A3A297D7E8200C9974C /* InteractionsFromListService.swift in Sources */,
				99DE9A31297D7D7800C9974C /* InteractionsViewModel.swift in Sources */,
				99DE9A46297D7FAD00C9974C /* TextFieldClearButton.swift in Sources */,
				99DE9A14297D764D00C9974C /* MedInteractionsApp.swift in Sources */,
				99DE9A2C297D7D1100C9974C /* SingleMedicationView.swift in Sources */,
				99DE9A4C297D816D00C9974C /* MedInteractionsModel.xcdatamodeld in Sources */,
				995CB08A297D9A770048FA03 /* PillsViewModel.swift in Sources */,
			);
			runOnlyForDeploymentPostprocessing = 0;
		};
/* End PBXSourcesBuildPhase section */

/* Begin XCBuildConfiguration section */
		99DE9A1C297D764E00C9974C /* Debug */ = {
			isa = XCBuildConfiguration;
			buildSettings = {
				ALWAYS_SEARCH_USER_PATHS = NO;
				CLANG_ANALYZER_NONNULL = YES;
				CLANG_ANALYZER_NUMBER_OBJECT_CONVERSION = YES_AGGRESSIVE;
				CLANG_CXX_LANGUAGE_STANDARD = "gnu++20";
				CLANG_ENABLE_MODULES = YES;
				CLANG_ENABLE_OBJC_ARC = YES;
				CLANG_ENABLE_OBJC_WEAK = YES;
				CLANG_WARN_BLOCK_CAPTURE_AUTORELEASING = YES;
				CLANG_WARN_BOOL_CONVERSION = YES;
				CLANG_WARN_COMMA = YES;
				CLANG_WARN_CONSTANT_CONVERSION = YES;
				CLANG_WARN_DEPRECATED_OBJC_IMPLEMENTATIONS = YES;
				CLANG_WARN_DIRECT_OBJC_ISA_USAGE = YES_ERROR;
				CLANG_WARN_DOCUMENTATION_COMMENTS = YES;
				CLANG_WARN_EMPTY_BODY = YES;
				CLANG_WARN_ENUM_CONVERSION = YES;
				CLANG_WARN_INFINITE_RECURSION = YES;
				CLANG_WARN_INT_CONVERSION = YES;
				CLANG_WARN_NON_LITERAL_NULL_CONVERSION = YES;
				CLANG_WARN_OBJC_IMPLICIT_RETAIN_SELF = YES;
				CLANG_WARN_OBJC_LITERAL_CONVERSION = YES;
				CLANG_WARN_OBJC_ROOT_CLASS = YES_ERROR;
				CLANG_WARN_QUOTED_INCLUDE_IN_FRAMEWORK_HEADER = YES;
				CLANG_WARN_RANGE_LOOP_ANALYSIS = YES;
				CLANG_WARN_STRICT_PROTOTYPES = YES;
				CLANG_WARN_SUSPICIOUS_MOVE = YES;
				CLANG_WARN_UNGUARDED_AVAILABILITY = YES_AGGRESSIVE;
				CLANG_WARN_UNREACHABLE_CODE = YES;
				CLANG_WARN__DUPLICATE_METHOD_MATCH = YES;
				COPY_PHASE_STRIP = NO;
				DEBUG_INFORMATION_FORMAT = dwarf;
				ENABLE_STRICT_OBJC_MSGSEND = YES;
				ENABLE_TESTABILITY = YES;
				GCC_C_LANGUAGE_STANDARD = gnu11;
				GCC_DYNAMIC_NO_PIC = NO;
				GCC_NO_COMMON_BLOCKS = YES;
				GCC_OPTIMIZATION_LEVEL = 0;
				GCC_PREPROCESSOR_DEFINITIONS = (
					"DEBUG=1",
					"$(inherited)",
				);
				GCC_WARN_64_TO_32_BIT_CONVERSION = YES;
				GCC_WARN_ABOUT_RETURN_TYPE = YES_ERROR;
				GCC_WARN_UNDECLARED_SELECTOR = YES;
				GCC_WARN_UNINITIALIZED_AUTOS = YES_AGGRESSIVE;
				GCC_WARN_UNUSED_FUNCTION = YES;
				GCC_WARN_UNUSED_VARIABLE = YES;
				IPHONEOS_DEPLOYMENT_TARGET = 16.1;
				MTL_ENABLE_DEBUG_INFO = INCLUDE_SOURCE;
				MTL_FAST_MATH = YES;
				ONLY_ACTIVE_ARCH = YES;
				SDKROOT = iphoneos;
				SWIFT_ACTIVE_COMPILATION_CONDITIONS = DEBUG;
				SWIFT_OPTIMIZATION_LEVEL = "-Onone";
			};
			name = Debug;
		};
		99DE9A1D297D764E00C9974C /* Release */ = {
			isa = XCBuildConfiguration;
			buildSettings = {
				ALWAYS_SEARCH_USER_PATHS = NO;
				CLANG_ANALYZER_NONNULL = YES;
				CLANG_ANALYZER_NUMBER_OBJECT_CONVERSION = YES_AGGRESSIVE;
				CLANG_CXX_LANGUAGE_STANDARD = "gnu++20";
				CLANG_ENABLE_MODULES = YES;
				CLANG_ENABLE_OBJC_ARC = YES;
				CLANG_ENABLE_OBJC_WEAK = YES;
				CLANG_WARN_BLOCK_CAPTURE_AUTORELEASING = YES;
				CLANG_WARN_BOOL_CONVERSION = YES;
				CLANG_WARN_COMMA = YES;
				CLANG_WARN_CONSTANT_CONVERSION = YES;
				CLANG_WARN_DEPRECATED_OBJC_IMPLEMENTATIONS = YES;
				CLANG_WARN_DIRECT_OBJC_ISA_USAGE = YES_ERROR;
				CLANG_WARN_DOCUMENTATION_COMMENTS = YES;
				CLANG_WARN_EMPTY_BODY = YES;
				CLANG_WARN_ENUM_CONVERSION = YES;
				CLANG_WARN_INFINITE_RECURSION = YES;
				CLANG_WARN_INT_CONVERSION = YES;
				CLANG_WARN_NON_LITERAL_NULL_CONVERSION = YES;
				CLANG_WARN_OBJC_IMPLICIT_RETAIN_SELF = YES;
				CLANG_WARN_OBJC_LITERAL_CONVERSION = YES;
				CLANG_WARN_OBJC_ROOT_CLASS = YES_ERROR;
				CLANG_WARN_QUOTED_INCLUDE_IN_FRAMEWORK_HEADER = YES;
				CLANG_WARN_RANGE_LOOP_ANALYSIS = YES;
				CLANG_WARN_STRICT_PROTOTYPES = YES;
				CLANG_WARN_SUSPICIOUS_MOVE = YES;
				CLANG_WARN_UNGUARDED_AVAILABILITY = YES_AGGRESSIVE;
				CLANG_WARN_UNREACHABLE_CODE = YES;
				CLANG_WARN__DUPLICATE_METHOD_MATCH = YES;
				COPY_PHASE_STRIP = NO;
				DEBUG_INFORMATION_FORMAT = "dwarf-with-dsym";
				ENABLE_NS_ASSERTIONS = NO;
				ENABLE_STRICT_OBJC_MSGSEND = YES;
				GCC_C_LANGUAGE_STANDARD = gnu11;
				GCC_NO_COMMON_BLOCKS = YES;
				GCC_WARN_64_TO_32_BIT_CONVERSION = YES;
				GCC_WARN_ABOUT_RETURN_TYPE = YES_ERROR;
				GCC_WARN_UNDECLARED_SELECTOR = YES;
				GCC_WARN_UNINITIALIZED_AUTOS = YES_AGGRESSIVE;
				GCC_WARN_UNUSED_FUNCTION = YES;
				GCC_WARN_UNUSED_VARIABLE = YES;
				IPHONEOS_DEPLOYMENT_TARGET = 16.1;
				MTL_ENABLE_DEBUG_INFO = NO;
				MTL_FAST_MATH = YES;
				SDKROOT = iphoneos;
				SWIFT_COMPILATION_MODE = wholemodule;
				SWIFT_OPTIMIZATION_LEVEL = "-O";
				VALIDATE_PRODUCT = YES;
			};
			name = Release;
		};
		99DE9A1F297D764E00C9974C /* Debug */ = {
			isa = XCBuildConfiguration;
			buildSettings = {
				ASSETCATALOG_COMPILER_APPICON_NAME = AppIcon;
				ASSETCATALOG_COMPILER_GLOBAL_ACCENT_COLOR_NAME = AccentColor;
				CODE_SIGN_STYLE = Automatic;
				CURRENT_PROJECT_VERSION = 1;
				DEVELOPMENT_ASSET_PATHS = "\"MedInteractions/Preview Content\"";
				DEVELOPMENT_TEAM = MYU5QC2Q2V;
				ENABLE_PREVIEWS = YES;
				GENERATE_INFOPLIST_FILE = YES;
				INFOPLIST_FILE = MedInteractions/Info.plist;
				INFOPLIST_KEY_NSFaceIDUsageDescription = "We need to unlock your data.";
				INFOPLIST_KEY_UIApplicationSceneManifest_Generation = YES;
				INFOPLIST_KEY_UIApplicationSupportsIndirectInputEvents = YES;
				INFOPLIST_KEY_UILaunchScreen_Generation = YES;
				INFOPLIST_KEY_UISupportedInterfaceOrientations_iPad = "UIInterfaceOrientationPortrait UIInterfaceOrientationPortraitUpsideDown UIInterfaceOrientationLandscapeLeft UIInterfaceOrientationLandscapeRight";
				INFOPLIST_KEY_UISupportedInterfaceOrientations_iPhone = "UIInterfaceOrientationPortrait UIInterfaceOrientationLandscapeLeft UIInterfaceOrientationLandscapeRight";
				LD_RUNPATH_SEARCH_PATHS = (
					"$(inherited)",
					"@executable_path/Frameworks",
				);
				MARKETING_VERSION = 1.0;
				PRODUCT_BUNDLE_IDENTIFIER = com.joannastalenczyk.MedInteractions;
				PRODUCT_NAME = "$(TARGET_NAME)";
				SWIFT_EMIT_LOC_STRINGS = YES;
				SWIFT_VERSION = 5.0;
				TARGETED_DEVICE_FAMILY = "1,2";
			};
			name = Debug;
		};
		99DE9A20297D764E00C9974C /* Release */ = {
			isa = XCBuildConfiguration;
			buildSettings = {
				ASSETCATALOG_COMPILER_APPICON_NAME = AppIcon;
				ASSETCATALOG_COMPILER_GLOBAL_ACCENT_COLOR_NAME = AccentColor;
				CODE_SIGN_STYLE = Automatic;
				CURRENT_PROJECT_VERSION = 1;
				DEVELOPMENT_ASSET_PATHS = "\"MedInteractions/Preview Content\"";
				DEVELOPMENT_TEAM = MYU5QC2Q2V;
				ENABLE_PREVIEWS = YES;
				GENERATE_INFOPLIST_FILE = YES;
				INFOPLIST_FILE = MedInteractions/Info.plist;
				INFOPLIST_KEY_NSFaceIDUsageDescription = "We need to unlock your data.";
				INFOPLIST_KEY_UIApplicationSceneManifest_Generation = YES;
				INFOPLIST_KEY_UIApplicationSupportsIndirectInputEvents = YES;
				INFOPLIST_KEY_UILaunchScreen_Generation = YES;
				INFOPLIST_KEY_UISupportedInterfaceOrientations_iPad = "UIInterfaceOrientationPortrait UIInterfaceOrientationPortraitUpsideDown UIInterfaceOrientationLandscapeLeft UIInterfaceOrientationLandscapeRight";
				INFOPLIST_KEY_UISupportedInterfaceOrientations_iPhone = "UIInterfaceOrientationPortrait UIInterfaceOrientationLandscapeLeft UIInterfaceOrientationLandscapeRight";
				LD_RUNPATH_SEARCH_PATHS = (
					"$(inherited)",
					"@executable_path/Frameworks",
				);
				MARKETING_VERSION = 1.0;
				PRODUCT_BUNDLE_IDENTIFIER = com.joannastalenczyk.MedInteractions;
				PRODUCT_NAME = "$(TARGET_NAME)";
				SWIFT_EMIT_LOC_STRINGS = YES;
				SWIFT_VERSION = 5.0;
				TARGETED_DEVICE_FAMILY = "1,2";
			};
			name = Release;
		};
/* End XCBuildConfiguration section */

/* Begin XCConfigurationList section */
		99DE9A0B297D764D00C9974C /* Build configuration list for PBXProject "MedInteractions" */ = {
			isa = XCConfigurationList;
			buildConfigurations = (
				99DE9A1C297D764E00C9974C /* Debug */,
				99DE9A1D297D764E00C9974C /* Release */,
			);
			defaultConfigurationIsVisible = 0;
			defaultConfigurationName = Release;
		};
		99DE9A1E297D764E00C9974C /* Build configuration list for PBXNativeTarget "MedInteractions" */ = {
			isa = XCConfigurationList;
			buildConfigurations = (
				99DE9A1F297D764E00C9974C /* Debug */,
				99DE9A20297D764E00C9974C /* Release */,
			);
			defaultConfigurationIsVisible = 0;
			defaultConfigurationName = Release;
		};
/* End XCConfigurationList section */

/* Begin XCVersionGroup section */
		99DE9A4A297D816D00C9974C /* MedInteractionsModel.xcdatamodeld */ = {
			isa = XCVersionGroup;
			children = (
				99DE9A4B297D816D00C9974C /* MedInteractionsModel.xcdatamodel */,
			);
			currentVersion = 99DE9A4B297D816D00C9974C /* MedInteractionsModel.xcdatamodel */;
			path = MedInteractionsModel.xcdatamodeld;
			sourceTree = "<group>";
			versionGroupType = wrapper.xcdatamodel;
		};
/* End XCVersionGroup section */
	};
	rootObject = 99DE9A08297D764D00C9974C /* Project object */;
}
